
Microsoft Visual Studio Solution File, Format Version 12.00
# Visual Studio Version 16
VisualStudioVersion = 25.0.1706.14
MinimumVisualStudioVersion = 10.0.40219.1
Project("{FAE04EC0-301F-11D3-BF4B-00C04F79EFBC}") = "Lesson_36_HT", "Lesson_36_HT\Lesson_36_HT.csproj", "{D66D1473-3378-4CAE-B422-C8BDB22D96A7}"
EndProject
Global
	GlobalSection(SolutionConfigurationPlatforms) = preSolution
		Debug|Any CPU = Debug|Any CPU
		Release|Any CPU = Release|Any CPU
	EndGlobalSection
	GlobalSection(ProjectConfigurationPlatforms) = postSolution
		{D66D1473-3378-4CAE-B422-C8BDB22D96A7}.Debug|Any CPU.ActiveCfg = Debug|Any CPU
		{D66D1473-3378-4CAE-B422-C8BDB22D96A7}.Debug|Any CPU.Build.0 = Debug|Any CPU
		{D66D1473-3378-4CAE-B422-C8BDB22D96A7}.Release|Any CPU.ActiveCfg = Release|Any CPU
		{D66D1473-3378-4CAE-B422-C8BDB22D96A7}.Release|Any CPU.Build.0 = Release|Any CPU
	EndGlobalSection
	GlobalSection(SolutionProperties) = preSolution
		HideSolutionNode = FALSE
	EndGlobalSection
	GlobalSection(ExtensibilityGlobals) = postSolution
		SolutionGuid = {0A08CDE8-3EDB-4A2B-A0D6-5E500BE7A7DA}
	EndGlobalSection
EndGlobal
